
Microsoft Visual Studio Solution File, Format Version 12.00
# Visual Studio 15
VisualStudioVersion = 15.0.28307.168
MinimumVisualStudioVersion = 10.0.40219.1
Project("{FAE04EC0-301F-11D3-BF4B-00C04F79EFBC}") = "190414_3_PropertyClassOrnek", "190414_3_PropertyClassOrnek\190414_3_PropertyClassOrnek.csproj", "{17904855-3A4C-4545-BA2B-3C987D6A554C}"
EndProject
Global
	GlobalSection(SolutionConfigurationPlatforms) = preSolution
		Debug|Any CPU = Debug|Any CPU
		Release|Any CPU = Release|Any CPU
	EndGlobalSection
	GlobalSection(ProjectConfigurationPlatforms) = postSolution
		{17904855-3A4C-4545-BA2B-3C987D6A554C}.Debug|Any CPU.ActiveCfg = Debug|Any CPU
		{17904855-3A4C-4545-BA2B-3C987D6A554C}.Debug|Any CPU.Build.0 = Debug|Any CPU
		{17904855-3A4C-4545-BA2B-3C987D6A554C}.Release|Any CPU.ActiveCfg = Release|Any CPU
		{17904855-3A4C-4545-BA2B-3C987D6A554C}.Release|Any CPU.Build.0 = Release|Any CPU
	EndGlobalSection
	GlobalSection(SolutionProperties) = preSolution
		HideSolutionNode = FALSE
	EndGlobalSection
	GlobalSection(ExtensibilityGlobals) = postSolution
		SolutionGuid = {734AC7D4-2EFF-46CB-8A2A-12218AE7358A}
	EndGlobalSection
EndGlobal
